
Microsoft Visual Studio Solution File, Format Version 12.00
# Visual Studio Version 17
VisualStudioVersion = 17.12.35514.174 d17.12
MinimumVisualStudioVersion = 10.0.40219.1
Project("{FAE04EC0-301F-11D3-BF4B-00C04F79EFBC}") = "FirmaSiparisYonetimi.Api", "FirmaSiparisYonetimi.Api\FirmaSiparisYonetimi.Api.csproj", "{8E99C715-C24C-4159-AC1F-8D4D837E0E26}"
EndProject
Project("{FAE04EC0-301F-11D3-BF4B-00C04F79EFBC}") = "FirmaSiparisYonetimi.Infrastructure", "FirmaSiparisYonetimi.Infrastructure\FirmaSiparisYonetimi.Infrastructure.csproj", "{686BC698-15F2-4194-93EC-F2926CB789C2}"
EndProject
Project("{FAE04EC0-301F-11D3-BF4B-00C04F79EFBC}") = "FirmaSiparisYonetimi.Domain", "FirmaSiparisYonetimi.Domain\FirmaSiparisYonetimi.Domain.csproj", "{7A3477A8-392F-4C6D-BE11-C9BA9AD739EB}"
EndProject
Project("{FAE04EC0-301F-11D3-BF4B-00C04F79EFBC}") = "FirmaSiparisYonetimi.Application", "FirmaSiparisYonetimi.Application\FirmaSiparisYonetimi.Application.csproj", "{CA2748F6-B682-449B-A768-A22C28DA296D}"
EndProject
Global
	GlobalSection(SolutionConfigurationPlatforms) = preSolution
		Debug|Any CPU = Debug|Any CPU
		Release|Any CPU = Release|Any CPU
	EndGlobalSection
	GlobalSection(ProjectConfigurationPlatforms) = postSolution
		{8E99C715-C24C-4159-AC1F-8D4D837E0E26}.Debug|Any CPU.ActiveCfg = Debug|Any CPU
		{8E99C715-C24C-4159-AC1F-8D4D837E0E26}.Debug|Any CPU.Build.0 = Debug|Any CPU
		{8E99C715-C24C-4159-AC1F-8D4D837E0E26}.Release|Any CPU.ActiveCfg = Release|Any CPU
		{8E99C715-C24C-4159-AC1F-8D4D837E0E26}.Release|Any CPU.Build.0 = Release|Any CPU
		{686BC698-15F2-4194-93EC-F2926CB789C2}.Debug|Any CPU.ActiveCfg = Debug|Any CPU
		{686BC698-15F2-4194-93EC-F2926CB789C2}.Debug|Any CPU.Build.0 = Debug|Any CPU
		{686BC698-15F2-4194-93EC-F2926CB789C2}.Release|Any CPU.ActiveCfg = Release|Any CPU
		{686BC698-15F2-4194-93EC-F2926CB789C2}.Release|Any CPU.Build.0 = Release|Any CPU
		{7A3477A8-392F-4C6D-BE11-C9BA9AD739EB}.Debug|Any CPU.ActiveCfg = Debug|Any CPU
		{7A3477A8-392F-4C6D-BE11-C9BA9AD739EB}.Debug|Any CPU.Build.0 = Debug|Any CPU
		{7A3477A8-392F-4C6D-BE11-C9BA9AD739EB}.Release|Any CPU.ActiveCfg = Release|Any CPU
		{7A3477A8-392F-4C6D-BE11-C9BA9AD739EB}.Release|Any CPU.Build.0 = Release|Any CPU
		{CA2748F6-B682-449B-A768-A22C28DA296D}.Debug|Any CPU.ActiveCfg = Debug|Any CPU
		{CA2748F6-B682-449B-A768-A22C28DA296D}.Debug|Any CPU.Build.0 = Debug|Any CPU
		{CA2748F6-B682-449B-A768-A22C28DA296D}.Release|Any CPU.ActiveCfg = Release|Any CPU
		{CA2748F6-B682-449B-A768-A22C28DA296D}.Release|Any CPU.Build.0 = Release|Any CPU
	EndGlobalSection
	GlobalSection(SolutionProperties) = preSolution
		HideSolutionNode = FALSE
	EndGlobalSection
EndGlobal
